
Microsoft Visual Studio Solution File, Format Version 12.00
# Visual Studio 15
VisualStudioVersion = 15.0.28010.2003
MinimumVisualStudioVersion = 10.0.40219.1
Project("{FAE04EC0-301F-11D3-BF4B-00C04F79EFBC}") = "ClipboardClear", "ClipboardClear\ClipboardClear.csproj", "{7487FC0F-A38B-4B86-A378-98488755E171}"
EndProject
Project("{930C7802-8A8C-48F9-8165-68863BCCD9DD}") = "ClipboardClearInstaller", "ClipboardClearInstaller\ClipboardClearInstaller.wixproj", "{30C67A68-49B1-4062-BA66-5211F30C1771}"
EndProject
Global
	GlobalSection(SolutionConfigurationPlatforms) = preSolution
		Debug|x64 = Debug|x64
		Debug|x86 = Debug|x86
		Release|x64 = Release|x64
		Release|x86 = Release|x86
	EndGlobalSection
	GlobalSection(ProjectConfigurationPlatforms) = postSolution
		{7487FC0F-A38B-4B86-A378-98488755E171}.Debug|x64.ActiveCfg = Debug|x64
		{7487FC0F-A38B-4B86-A378-98488755E171}.Debug|x64.Build.0 = Debug|x64
		{7487FC0F-A38B-4B86-A378-98488755E171}.Debug|x86.ActiveCfg = Debug|Any CPU
		{7487FC0F-A38B-4B86-A378-98488755E171}.Debug|x86.Build.0 = Debug|Any CPU
		{7487FC0F-A38B-4B86-A378-98488755E171}.Release|x64.ActiveCfg = Release|x64
		{7487FC0F-A38B-4B86-A378-98488755E171}.Release|x64.Build.0 = Release|x64
		{7487FC0F-A38B-4B86-A378-98488755E171}.Release|x86.ActiveCfg = Release|Any CPU
		{7487FC0F-A38B-4B86-A378-98488755E171}.Release|x86.Build.0 = Release|Any CPU
		{30C67A68-49B1-4062-BA66-5211F30C1771}.Debug|x64.ActiveCfg = Debug|x64
		{30C67A68-49B1-4062-BA66-5211F30C1771}.Debug|x86.ActiveCfg = Debug|x86
		{30C67A68-49B1-4062-BA66-5211F30C1771}.Release|x64.ActiveCfg = Release|x64
		{30C67A68-49B1-4062-BA66-5211F30C1771}.Release|x86.ActiveCfg = Release|x86
	EndGlobalSection
	GlobalSection(SolutionProperties) = preSolution
		HideSolutionNode = FALSE
	EndGlobalSection
	GlobalSection(ExtensibilityGlobals) = postSolution
		SolutionGuid = {4E42CFA1-71C9-43AE-82C2-621857133D67}
	EndGlobalSection
EndGlobal
